// !$*UTF8*$!
{
	archiveVersion = 1;
	classes = {
	};
	objectVersion = 46;
	objects = {

/* Begin PBXBuildFile section */
		3E1D4C561C4B56C300799A75 /* SettingsViewController.swift in Sources */ = {isa = PBXBuildFile; fileRef = 3E1D4C551C4B56C300799A75 /* SettingsViewController.swift */; };
		3E9443881C4536340076614B /* AppDelegate.swift in Sources */ = {isa = PBXBuildFile; fileRef = 3E9443871C4536340076614B /* AppDelegate.swift */; };
		3E94438A1C4536340076614B /* TipCalculatorController.swift in Sources */ = {isa = PBXBuildFile; fileRef = 3E9443891C4536340076614B /* TipCalculatorController.swift */; };
		3E94438D1C4536340076614B /* Main.storyboard in Resources */ = {isa = PBXBuildFile; fileRef = 3E94438B1C4536340076614B /* Main.storyboard */; };
		3E94438F1C4536340076614B /* Assets.xcassets in Resources */ = {isa = PBXBuildFile; fileRef = 3E94438E1C4536340076614B /* Assets.xcassets */; };
/* End PBXBuildFile section */

/* Begin PBXContainerItemProxy section */
		3E9443991C4536340076614B /* PBXContainerItemProxy */ = {
			isa = PBXContainerItemProxy;
			containerPortal = 3E94437C1C4536340076614B /* Project object */;
			proxyType = 1;
			remoteGlobalIDString = 3E9443831C4536340076614B;
			remoteInfo = Tipster;
		};
		3E9443A41C4536340076614B /* PBXContainerItemProxy */ = {
			isa = PBXContainerItemProxy;
			containerPortal = 3E94437C1C4536340076614B /* Project object */;
			proxyType = 1;
			remoteGlobalIDString = 3E9443831C4536340076614B;
			remoteInfo = Tipster;
		};
/* End PBXContainerItemProxy section */

/* Begin PBXFileReference section */
		3E1D4C551C4B56C300799A75 /* SettingsViewController.swift */ = {isa = PBXFileReference; fileEncoding = 4; lastKnownFileType = sourcecode.swift; path = SettingsViewController.swift; sourceTree = "<group>"; };
		3E9443841C4536340076614B /* Tipster.app */ = {isa = PBXFileReference; explicitFileType = wrapper.application; includeInIndex = 0; path = Tipster.app; sourceTree = BUILT_PRODUCTS_DIR; };
		3E9443871C4536340076614B /* AppDelegate.swift */ = {isa = PBXFileReference; lastKnownFileType = sourcecode.swift; path = AppDelegate.swift; sourceTree = "<group>"; };
		3E9443891C4536340076614B /* TipCalculatorController.swift */ = {isa = PBXFileReference; lastKnownFileType = sourcecode.swift; path = TipCalculatorController.swift; sourceTree = "<group>"; };
		3E94438C1C4536340076614B /* Base */ = {isa = PBXFileReference; lastKnownFileType = file.storyboard; name = Base; path = Base.lproj/Main.storyboard; sourceTree = "<group>"; };
		3E94438E1C4536340076614B /* Assets.xcassets */ = {isa = PBXFileReference; lastKnownFileType = folder.assetcatalog; path = Assets.xcassets; sourceTree = "<group>"; };
		3E9443931C4536340076614B /* Info.plist */ = {isa = PBXFileReference; lastKnownFileType = text.plist.xml; path = Info.plist; sourceTree = "<group>"; };
		3E9443981C4536340076614B /* TipsterTests.xctest */ = {isa = PBXFileReference; explicitFileType = wrapper.cfbundle; includeInIndex = 0; path = TipsterTests.xctest; sourceTree = BUILT_PRODUCTS_DIR; };
		3E9443A31C4536340076614B /* TipsterUITests.xctest */ = {isa = PBXFileReference; explicitFileType = wrapper.cfbundle; includeInIndex = 0; path = TipsterUITests.xctest; sourceTree = BUILT_PRODUCTS_DIR; };
/* End PBXFileReference section */

/* Begin PBXFrameworksBuildPhase section */
		3E9443811C4536340076614B /* Frameworks */ = {
			isa = PBXFrameworksBuildPhase;
			buildActionMask = 2147483647;
			files = (
			);
			runOnlyForDeploymentPostprocessing = 0;
		};
		3E9443951C4536340076614B /* Frameworks */ = {
			isa = PBXFrameworksBuildPhase;
			buildActionMask = 2147483647;
			files = (
			);
			runOnlyForDeploymentPostprocessing = 0;
		};
		3E9443A01C4536340076614B /* Frameworks */ = {
			isa = PBXFrameworksBuildPhase;
			buildActionMask = 2147483647;
			files = (
			);
			runOnlyForDeploymentPostprocessing = 0;
		};
/* End PBXFrameworksBuildPhase section */

/* Begin PBXGroup section */
		3E94437B1C4536340076614B = {
			isa = PBXGroup;
			children = (
				3E9443861C4536340076614B /* Tipster */,
				3E9443851C4536340076614B /* Products */,
			);
			sourceTree = "<group>";
		};
		3E9443851C4536340076614B /* Products */ = {
			isa = PBXGroup;
			children = (
				3E9443841C4536340076614B /* Tipster.app */,
				3E9443981C4536340076614B /* TipsterTests.xctest */,
				3E9443A31C4536340076614B /* TipsterUITests.xctest */,
			);
			name = Products;
			sourceTree = "<group>";
		};
		3E9443861C4536340076614B /* Tipster */ = {
			isa = PBXGroup;
			children = (
				3E9443871C4536340076614B /* AppDelegate.swift */,
				3E9443891C4536340076614B /* TipCalculatorController.swift */,
				3E94438B1C4536340076614B /* Main.storyboard */,
				3E94438E1C4536340076614B /* Assets.xcassets */,
				3E9443931C4536340076614B /* Info.plist */,
				3E1D4C551C4B56C300799A75 /* SettingsViewController.swift */,
			);
			path = Tipster;
			sourceTree = "<group>";
		};
/* End PBXGroup section */

/* Begin PBXNativeTarget section */
		3E9443831C4536340076614B /* Tipster */ = {
			isa = PBXNativeTarget;
			buildConfigurationList = 3E9443AC1C4536340076614B /* Build configuration list for PBXNativeTarget "Tipster" */;
			buildPhases = (
				3E9443801C4536340076614B /* Sources */,
				3E9443811C4536340076614B /* Frameworks */,
				3E9443821C4536340076614B /* Resources */,
			);
			buildRules = (
			);
			dependencies = (
			);
			name = Tipster;
			productName = Tipster;
			productReference = 3E9443841C4536340076614B /* Tipster.app */;
			productType = "com.apple.product-type.application";
		};
		3E9443971C4536340076614B /* TipsterTests */ = {
			isa = PBXNativeTarget;
			buildConfigurationList = 3E9443AF1C4536340076614B /* Build configuration list for PBXNativeTarget "TipsterTests" */;
			buildPhases = (
				3E9443941C4536340076614B /* Sources */,
				3E9443951C4536340076614B /* Frameworks */,
				3E9443961C4536340076614B /* Resources */,
			);
			buildRules = (
			);
			dependencies = (
				3E94439A1C4536340076614B /* PBXTargetDependency */,
			);
			name = TipsterTests;
			productName = TipsterTests;
			productReference = 3E9443981C4536340076614B /* TipsterTests.xctest */;
			productType = "com.apple.product-type.bundle.unit-test";
		};
		3E9443A21C4536340076614B /* TipsterUITests */ = {
			isa = PBXNativeTarget;
			buildConfigurationList = 3E9443B21C4536340076614B /* Build configuration list for PBXNativeTarget "TipsterUITests" */;
			buildPhases = (
				3E94439F1C4536340076614B /* Sources */,
				3E9443A01C4536340076614B /* Frameworks */,
				3E9443A11C4536340076614B /* Resources */,
			);
			buildRules = (
			);
			dependencies = (
				3E9443A51C4536340076614B /* PBXTargetDependency */,
			);
			name = TipsterUITests;
			productName = TipsterUITests;
			productReference = 3E9443A31C4536340076614B /* TipsterUITests.xctest */;
			productType = "com.apple.product-type.bundle.ui-testing";
		};
/* End PBXNativeTarget section */

/* Begin PBXProject section */
		3E94437C1C4536340076614B /* Project object */ = {
			isa = PBXProject;
			attributes = {
				LastSwiftUpdateCheck = 0720;
				LastUpgradeCheck = 0720;
				ORGANIZATIONNAME = "Andrey Mereskin";
				TargetAttributes = {
					3E9443831C4536340076614B = {
						CreatedOnToolsVersion = 7.2;
					};
					3E9443971C4536340076614B = {
						CreatedOnToolsVersion = 7.2;
						TestTargetID = 3E9443831C4536340076614B;
					};
					3E9443A21C4536340076614B = {
						CreatedOnToolsVersion = 7.2;
						TestTargetID = 3E9443831C4536340076614B;
					};
				};
			};
			buildConfigurationList = 3E94437F1C4536340076614B /* Build configuration list for PBXProject "Tipster" */;
			compatibilityVersion = "Xcode 3.2";
			developmentRegion = English;
			hasScannedForEncodings = 0;
			knownRegions = (
				en,
				Base,
			);
			mainGroup = 3E94437B1C4536340076614B;
			productRefGroup = 3E9443851C4536340076614B /* Products */;
			projectDirPath = "";
			projectRoot = "";
			targets = (
				3E9443831C4536340076614B /* Tipster */,
				3E9443971C4536340076614B /* TipsterTests */,
				3E9443A21C4536340076614B /* TipsterUITests */,
			);
		};
/* End PBXProject section */

/* Begin PBXResourcesBuildPhase section */
		3E9443821C4536340076614B /* Resources */ = {
			isa = PBXResourcesBuildPhase;
			buildActionMask = 2147483647;
			files = (
				3E94438F1C4536340076614B /* Assets.xcassets in Resources */,
				3E94438D1C4536340076614B /* Main.storyboard in Resources */,
			);
			runOnlyForDeploymentPostprocessing = 0;
		};
		3E9443961C4536340076614B /* Resources */ = {
			isa = PBXResourcesBuildPhase;
			buildActionMask = 2147483647;
			files = (
			);
			runOnlyForDeploymentPostprocessing = 0;
		};
		3E9443A11C4536340076614B /* Resources */ = {
			isa = PBXResourcesBuildPhase;
			buildActionMask = 2147483647;
			files = (
			);
			runOnlyForDeploymentPostprocessing = 0;
		};
/* End PBXResourcesBuildPhase section */

/* Begin PBXSourcesBuildPhase section */
		3E9443801C4536340076614B /* Sources */ = {
			isa = PBXSourcesBuildPhase;
			buildActionMask = 2147483647;
			files = (
				3E94438A1C4536340076614B /* TipCalculatorController.swift in Sources */,
				3E9443881C4536340076614B /* AppDelegate.swift in Sources */,
				3E1D4C561C4B56C300799A75 /* SettingsViewController.swift in Sources */,
			);
			runOnlyForDeploymentPostprocessing = 0;
		};
		3E9443941C4536340076614B /* Sources */ = {
			isa = PBXSourcesBuildPhase;
			buildActionMask = 2147483647;
			files = (
			);
			runOnlyForDeploymentPostprocessing = 0;
		};
		3E94439F1C4536340076614B /* Sources */ = {
			isa = PBXSourcesBuildPhase;
			buildActionMask = 2147483647;
			files = (
			);
			runOnlyForDeploymentPostprocessing = 0;
		};
/* End PBXSourcesBuildPhase section */

/* Begin PBXTargetDependency section */
		3E94439A1C4536340076614B /* PBXTargetDependency */ = {
			isa = PBXTargetDependency;
			target = 3E9443831C4536340076614B /* Tipster */;
			targetProxy = 3E9443991C4536340076614B /* PBXContainerItemProxy */;
		};
		3E9443A51C4536340076614B /* PBXTargetDependency */ = {
			isa = PBXTargetDependency;
			target = 3E9443831C4536340076614B /* Tipster */;
			targetProxy = 3E9443A41C4536340076614B /* PBXContainerItemProxy */;
		};
/* End PBXTargetDependency section */

/* Begin PBXVariantGroup section */
		3E94438B1C4536340076614B /* Main.storyboard */ = {
			isa = PBXVariantGroup;
			children = (
				3E94438C1C4536340076614B /* Base */,
			);
			name = Main.storyboard;
			sourceTree = "<group>";
		};
/* End PBXVariantGroup section */

/* Begin XCBuildConfiguration section */
		3E9443AA1C4536340076614B /* Debug */ = {
			isa = XCBuildConfiguration;
			buildSettings = {
				ALWAYS_SEARCH_USER_PATHS = NO;
				CLANG_CXX_LANGUAGE_STANDARD = "gnu++0x";
				CLANG_CXX_LIBRARY = "libc++";
				CLANG_ENABLE_MODULES = YES;
				CLANG_ENABLE_OBJC_ARC = YES;
				CLANG_WARN_BOOL_CONVERSION = YES;
				CLANG_WARN_CONSTANT_CONVERSION = YES;
				CLANG_WARN_DIRECT_OBJC_ISA_USAGE = YES_ERROR;
				CLANG_WARN_EMPTY_BODY = YES;
				CLANG_WARN_ENUM_CONVERSION = YES;
				CLANG_WARN_INT_CONVERSION = YES;
				CLANG_WARN_OBJC_ROOT_CLASS = YES_ERROR;
				CLANG_WARN_UNREACHABLE_CODE = YES;
				CLANG_WARN__DUPLICATE_METHOD_MATCH = YES;
				"CODE_SIGN_IDENTITY[sdk=iphoneos*]" = "iPhone Developer";
				COPY_PHASE_STRIP = NO;
				DEBUG_INFORMATION_FORMAT = dwarf;
				ENABLE_STRICT_OBJC_MSGSEND = YES;
				ENABLE_TESTABILITY = YES;
				GCC_C_LANGUAGE_STANDARD = gnu99;
				GCC_DYNAMIC_NO_PIC = NO;
				GCC_NO_COMMON_BLOCKS = YES;
				GCC_OPTIMIZATION_LEVEL = 0;
				GCC_PREPROCESSOR_DEFINITIONS = (
					"DEBUG=1",
					"$(inherited)",
				);
				GCC_WARN_64_TO_32_BIT_CONVERSION = YES;
				GCC_WARN_ABOUT_RETURN_TYPE = YES_ERROR;
				GCC_WARN_UNDECLARED_SELECTOR = YES;
				GCC_WARN_UNINITIALIZED_AUTOS = YES_AGGRESSIVE;
				GCC_WARN_UNUSED_FUNCTION = YES;
				GCC_WARN_UNUSED_VARIABLE = YES;
				IPHONEOS_DEPLOYMENT_TARGET = 9.2;
				MTL_ENABLE_DEBUG_INFO = YES;
				ONLY_ACTIVE_ARCH = YES;
				SDKROOT = iphoneos;
				SWIFT_OPTIMIZATION_LEVEL = "-Onone";
				TARGETED_DEVICE_FAMILY = "1,2";
			};
			name = Debug;
		};
		3E9443AB1C4536340076614B /* Release */ = {
			isa = XCBuildConfiguration;
			buildSettings = {
				ALWAYS_SEARCH_USER_PATHS = NO;
				CLANG_CXX_LANGUAGE_STANDARD = "gnu++0x";
				CLANG_CXX_LIBRARY = "libc++";
				CLANG_ENABLE_MODULES = YES;
				CLANG_ENABLE_OBJC_ARC = YES;
				CLANG_WARN_BOOL_CONVERSION = YES;
				CLANG_WARN_CONSTANT_CONVERSION = YES;
				CLANG_WARN_DIRECT_OBJC_ISA_USAGE = YES_ERROR;
				CLANG_WARN_EMPTY_BODY = YES;
				CLANG_WARN_ENUM_CONVERSION = YES;
				CLANG_WARN_INT_CONVERSION = YES;
				CLANG_WARN_OBJC_ROOT_CLASS = YES_ERROR;
				CLANG_WARN_UNREACHABLE_CODE = YES;
				CLANG_WARN__DUPLICATE_METHOD_MATCH = YES;
				"CODE_SIGN_IDENTITY[sdk=iphoneos*]" = "iPhone Developer";
				COPY_PHASE_STRIP = NO;
				DEBUG_INFORMATION_FORMAT = "dwarf-with-dsym";
				ENABLE_NS_ASSERTIONS = NO;
				ENABLE_STRICT_OBJC_MSGSEND = YES;
				GCC_C_LANGUAGE_STANDARD = gnu99;
				GCC_NO_COMMON_BLOCKS = YES;
				GCC_WARN_64_TO_32_BIT_CONVERSION = YES;
				GCC_WARN_ABOUT_RETURN_TYPE = YES_ERROR;
				GCC_WARN_UNDECLARED_SELECTOR = YES;
				GCC_WARN_UNINITIALIZED_AUTOS = YES_AGGRESSIVE;
				GCC_WARN_UNUSED_FUNCTION = YES;
				GCC_WARN_UNUSED_VARIABLE = YES;
				IPHONEOS_DEPLOYMENT_TARGET = 9.2;
				MTL_ENABLE_DEBUG_INFO = NO;
				SDKROOT = iphoneos;
				TARGETED_DEVICE_FAMILY = "1,2";
				VALIDATE_PRODUCT = YES;
			};
			name = Release;
		};
		3E9443AD1C4536340076614B /* Debug */ = {
			isa = XCBuildConfiguration;
			buildSettings = {
				ASSETCATALOG_COMPILER_APPICON_NAME = AppIcon;
				INFOPLIST_FILE = Tipster/Info.plist;
				LD_RUNPATH_SEARCH_PATHS = "$(inherited) @executable_path/Frameworks";
				PRODUCT_BUNDLE_IDENTIFIER = home.Tipster;
				PRODUCT_NAME = "$(TARGET_NAME)";
			};
			name = Debug;
		};
		3E9443AE1C4536340076614B /* Release */ = {
			isa = XCBuildConfiguration;
			buildSettings = {
				ASSETCATALOG_COMPILER_APPICON_NAME = AppIcon;
				INFOPLIST_FILE = Tipster/Info.plist;
				LD_RUNPATH_SEARCH_PATHS = "$(inherited) @executable_path/Frameworks";
				PRODUCT_BUNDLE_IDENTIFIER = home.Tipster;
				PRODUCT_NAME = "$(TARGET_NAME)";
			};
			name = Release;
		};
		3E9443B01C4536340076614B /* Debug */ = {
			isa = XCBuildConfiguration;
			buildSettings = {
				BUNDLE_LOADER = "$(TEST_HOST)";
				INFOPLIST_FILE = TipsterTests/Info.plist;
				LD_RUNPATH_SEARCH_PATHS = "$(inherited) @executable_path/Frameworks @loader_path/Frameworks";
				PRODUCT_BUNDLE_IDENTIFIER = home.TipsterTests;
				PRODUCT_NAME = "$(TARGET_NAME)";
				TEST_HOST = "$(BUILT_PRODUCTS_DIR)/Tipster.app/Tipster";
			};
			name = Debug;
		};
		3E9443B11C4536340076614B /* Release */ = {
			isa = XCBuildConfiguration;
			buildSettings = {
				BUNDLE_LOADER = "$(TEST_HOST)";
				INFOPLIST_FILE = TipsterTests/Info.plist;
				LD_RUNPATH_SEARCH_PATHS = "$(inherited) @executable_path/Frameworks @loader_path/Frameworks";
				PRODUCT_BUNDLE_IDENTIFIER = home.TipsterTests;
				PRODUCT_NAME = "$(TARGET_NAME)";
				TEST_HOST = "$(BUILT_PRODUCTS_DIR)/Tipster.app/Tipster";
			};
			name = Release;
		};
		3E9443B31C4536340076614B /* Debug */ = {
			isa = XCBuildConfiguration;
			buildSettings = {
				INFOPLIST_FILE = TipsterUITests/Info.plist;
				LD_RUNPATH_SEARCH_PATHS = "$(inherited) @executable_path/Frameworks @loader_path/Frameworks";
				PRODUCT_BUNDLE_IDENTIFIER = home.TipsterUITests;
				PRODUCT_NAME = "$(TARGET_NAME)";
				TEST_TARGET_NAME = Tipster;
				USES_XCTRUNNER = YES;
			};
			name = Debug;
		};
		3E9443B41C4536340076614B /* Release */ = {
			isa = XCBuildConfiguration;
			buildSettings = {
				INFOPLIST_FILE = TipsterUITests/Info.plist;
				LD_RUNPATH_SEARCH_PATHS = "$(inherited) @executable_path/Frameworks @loader_path/Frameworks";
				PRODUCT_BUNDLE_IDENTIFIER = home.TipsterUITests;
				PRODUCT_NAME = "$(TARGET_NAME)";
				TEST_TARGET_NAME = Tipster;
				USES_XCTRUNNER = YES;
			};
			name = Release;
		};
/* End XCBuildConfiguration section */

/* Begin XCConfigurationList section */
		3E94437F1C4536340076614B /* Build configuration list for PBXProject "Tipster" */ = {
			isa = XCConfigurationList;
			buildConfigurations = (
				3E9443AA1C4536340076614B /* Debug */,
				3E9443AB1C4536340076614B /* Release */,
			);
			defaultConfigurationIsVisible = 0;
			defaultConfigurationName = Release;
		};
		3E9443AC1C4536340076614B /* Build configuration list for PBXNativeTarget "Tipster" */ = {
			isa = XCConfigurationList;
			buildConfigurations = (
				3E9443AD1C4536340076614B /* Debug */,
				3E9443AE1C4536340076614B /* Release */,
			);
			defaultConfigurationIsVisible = 0;
			defaultConfigurationName = Release;
		};
		3E9443AF1C4536340076614B /* Build configuration list for PBXNativeTarget "TipsterTests" */ = {
			isa = XCConfigurationList;
			buildConfigurations = (
				3E9443B01C4536340076614B /* Debug */,
				3E9443B11C4536340076614B /* Release */,
			);
			defaultConfigurationIsVisible = 0;
			defaultConfigurationName = Release;
		};
		3E9443B21C4536340076614B /* Build configuration list for PBXNativeTarget "TipsterUITests" */ = {
			isa = XCConfigurationList;
			buildConfigurations = (
				3E9443B31C4536340076614B /* Debug */,
				3E9443B41C4536340076614B /* Release */,
			);
			defaultConfigurationIsVisible = 0;
			defaultConfigurationName = Release;
		};
/* End XCConfigurationList section */
	};
	rootObject = 3E94437C1C4536340076614B /* Project object */;
}
